{
    "_meta": {
        "hash": {
            "sha256": "d1cf7843168b0919dbdb6db1d11199303a59930581e6e0e9f0b804eed9b89156"
        },
        "pipfile-spec": 6,
        "requires": {
            "python_version": "3.7"
        },
        "sources": [
            {
                "name": "pypi",
                "url": "https://pypi.org/simple",
                "verify_ssl": true
            }
        ]
    },
    "default": {
        "asgiref": {
            "hashes": [
                "sha256:7e51911ee147dd685c3c8b805c0ad0cb58d360987b56953878f8c06d2d1c6f1a",
                "sha256:9fc6fb5d39b8af147ba40765234fa822b39818b12cc80b35ad9b0cef3a476aed"
            ],
            "version": "==3.2.10"
        },
        "authlib": {
            "hashes": [
                "sha256:270e778201590af8873cf7d5e8e8ca5b625a16f7afba6a4280b6fb4efdd791bf",
                "sha256:cc52908e9e996f3de2ac2f61bf1ee6c6f1c5ce8e67c89ff2ca473008fffc92f6"
            ],
            "index": "pypi",
            "version": "==0.14.3"
        },
        "autopep8": {
            "hashes": [
                "sha256:d21d3901cb0da6ebd1e83fc9b0dfbde8b46afc2ede4fe32fbda0c7c6118ca094"
            ],
            "index": "pypi",
            "version": "==1.5.4"
        },
        "beautifulsoup4": {
            "hashes": [
                "sha256:73cc4d115b96f79c7d77c1c7f7a0a8d4c57860d1041df407dd1aae7f07a77fd7",
                "sha256:a6237df3c32ccfaee4fd201c8f5f9d9df619b93121d01353a64a73ce8c6ef9a8",
                "sha256:e718f2342e2e099b640a34ab782407b7b676f47ee272d6739e60b8ea23829f2c"
            ],
            "version": "==4.9.1"
        },
        "blinker": {
            "hashes": [
                "sha256:471aee25f3992bd325afa3772f1063dbdbbca947a041b8b89466dc00d606f8b6"
            ],
            "index": "pypi",
            "version": "==1.4"
        },
        "cachetools": {
            "hashes": [
                "sha256:513d4ff98dd27f85743a8dc0e92f55ddb1b49e060c2d5961512855cda2c01a98",
                "sha256:bbaa39c3dede00175df2dc2b03d0cf18dd2d32a7de7beb68072d13043c9edb20"
            ],
            "version": "==4.1.1"
        },
        "certifi": {
            "hashes": [
                "sha256:5930595817496dd21bb8dc35dad090f1c2cd0adfaf21204bf6732ca5d8ee34d3",
                "sha256:8fc0819f1f30ba15bdb34cceffb9ef04d99f420f68eb75d901e9560b8749fc41"
            ],
            "version": "==2020.6.20"
        },
        "cffi": {
            "hashes": [
                "sha256:267adcf6e68d77ba154334a3e4fc921b8e63cbb38ca00d33d40655d4228502bc",
                "sha256:26f33e8f6a70c255767e3c3f957ccafc7f1f706b966e110b855bfe944511f1f9",
                "sha256:3cd2c044517f38d1b577f05927fb9729d3396f1d44d0c659a445599e79519792",
                "sha256:4a03416915b82b81af5502459a8a9dd62a3c299b295dcdf470877cb948d655f2",
                "sha256:4ce1e995aeecf7cc32380bc11598bfdfa017d592259d5da00fc7ded11e61d022",
                "sha256:4f53e4128c81ca3212ff4cf097c797ab44646a40b42ec02a891155cd7a2ba4d8",
                "sha256:4fa72a52a906425416f41738728268072d5acfd48cbe7796af07a923236bcf96",
                "sha256:66dd45eb9530e3dde8f7c009f84568bc7cac489b93d04ac86e3111fb46e470c2",
                "sha256:6923d077d9ae9e8bacbdb1c07ae78405a9306c8fd1af13bfa06ca891095eb995",
                "sha256:833401b15de1bb92791d7b6fb353d4af60dc688eaa521bd97203dcd2d124a7c1",
                "sha256:8416ed88ddc057bab0526d4e4e9f3660f614ac2394b5e019a628cdfff3733849",
                "sha256:892daa86384994fdf4856cb43c93f40cbe80f7f95bb5da94971b39c7f54b3a9c",
                "sha256:98be759efdb5e5fa161e46d404f4e0ce388e72fbf7d9baf010aff16689e22abe",
                "sha256:a6d28e7f14ecf3b2ad67c4f106841218c8ab12a0683b1528534a6c87d2307af3",
                "sha256:b1d6ebc891607e71fd9da71688fcf332a6630b7f5b7f5549e6e631821c0e5d90",
                "sha256:b2a2b0d276a136146e012154baefaea2758ef1f56ae9f4e01c612b0831e0bd2f",
                "sha256:b87dfa9f10a470eee7f24234a37d1d5f51e5f5fa9eeffda7c282e2b8f5162eb1",
                "sha256:bac0d6f7728a9cc3c1e06d4fcbac12aaa70e9379b3025b27ec1226f0e2d404cf",
                "sha256:c991112622baee0ae4d55c008380c32ecfd0ad417bcd0417ba432e6ba7328caa",
                "sha256:cda422d54ee7905bfc53ee6915ab68fe7b230cacf581110df4272ee10462aadc",
                "sha256:d3148b6ba3923c5850ea197a91a42683f946dba7e8eb82dfa211ab7e708de939",
                "sha256:d6033b4ffa34ef70f0b8086fd4c3df4bf801fee485a8a7d4519399818351aa8e",
                "sha256:ddff0b2bd7edcc8c82d1adde6dbbf5e60d57ce985402541cd2985c27f7bec2a0",
                "sha256:e23cb7f1d8e0f93addf0cae3c5b6f00324cccb4a7949ee558d7b6ca973ab8ae9",
                "sha256:effd2ba52cee4ceff1a77f20d2a9f9bf8d50353c854a282b8760ac15b9833168",
                "sha256:f90c2267101010de42f7273c94a1f026e56cbc043f9330acd8a80e64300aba33",
                "sha256:f960375e9823ae6a07072ff7f8a85954e5a6434f97869f50d0e41649a1c8144f",
                "sha256:fcf32bf76dc25e30ed793145a57426064520890d7c02866eb93d3e4abe516948"
            ],
            "version": "==1.14.1"
        },
        "chardet": {
            "hashes": [
                "sha256:84ab92ed1c4d4f16916e05906b6b75a6c0fb5db821cc65e70cbd64a3e2a5eaae",
                "sha256:fc323ffcaeaed0e0a02bf4d117757b98aed530d9ed4531e3e15460124c106691"
            ],
            "version": "==3.0.4"
        },
        "cryptography": {
            "hashes": [
                "sha256:0c608ff4d4adad9e39b5057de43657515c7da1ccb1807c3a27d4cf31fc923b4b",
                "sha256:0cbfed8ea74631fe4de00630f4bb592dad564d57f73150d6f6796a24e76c76cd",
                "sha256:124af7255ffc8e964d9ff26971b3a6153e1a8a220b9a685dc407976ecb27a06a",
                "sha256:384d7c681b1ab904fff3400a6909261cae1d0939cc483a68bdedab282fb89a07",
                "sha256:45741f5499150593178fc98d2c1a9c6722df88b99c821ad6ae298eff0ba1ae71",
                "sha256:4b9303507254ccb1181d1803a2080a798910ba89b1a3c9f53639885c90f7a756",
                "sha256:4d355f2aee4a29063c10164b032d9fa8a82e2c30768737a2fd56d256146ad559",
                "sha256:51e40123083d2f946794f9fe4adeeee2922b581fa3602128ce85ff813d85b81f",
                "sha256:8713ddb888119b0d2a1462357d5946b8911be01ddbf31451e1d07eaa5077a261",
                "sha256:8e924dbc025206e97756e8903039662aa58aa9ba357d8e1d8fc29e3092322053",
                "sha256:8ecef21ac982aa78309bb6f092d1677812927e8b5ef204a10c326fc29f1367e2",
                "sha256:8ecf9400d0893836ff41b6f977a33972145a855b6efeb605b49ee273c5e6469f",
                "sha256:9367d00e14dee8d02134c6c9524bb4bd39d4c162456343d07191e2a0b5ec8b3b",
                "sha256:a09fd9c1cca9a46b6ad4bea0a1f86ab1de3c0c932364dbcf9a6c2a5eeb44fa77",
                "sha256:ab49edd5bea8d8b39a44b3db618e4783ef84c19c8b47286bf05dfdb3efb01c83",
                "sha256:bea0b0468f89cdea625bb3f692cd7a4222d80a6bdafd6fb923963f2b9da0e15f",
                "sha256:bec7568c6970b865f2bcebbe84d547c52bb2abadf74cefce396ba07571109c67",
                "sha256:ce82cc06588e5cbc2a7df3c8a9c778f2cb722f56835a23a68b5a7264726bb00c",
                "sha256:dea0ba7fe6f9461d244679efa968d215ea1f989b9c1957d7f10c21e5c7c09ad6"
            ],
            "version": "==3.0"
        },
        "dialogflow": {
            "hashes": [
                "sha256:7bc0a591b262ee9f4d7996cd9220df108676584875fd5ed9f11904eb79f83fa2",
                "sha256:7e8c2c67432bf3e61b511810fea716b10fa24588efd6c90e95cfd66a092cce04"
            ],
            "index": "pypi",
            "version": "==1.0.0"
        },
        "django": {
            "hashes": [
                "sha256:1a63f5bb6ff4d7c42f62a519edc2adbb37f9b78068a5a862beff858b68e3dc8b",
                "sha256:2d390268a13c655c97e0e2ede9d117007996db692c1bb93eabebd4fb7ea7012b"
            ],
            "index": "pypi",
            "version": "==3.1"
        },
        "django-rest-framework-mongoengine": {
            "hashes": [
                "sha256:cabb60f2b8ecf6ceaa13550b47dde0b8f2fe9b6f7b69be681e059cf31b51d729"
            ],
            "index": "pypi",
            "version": "==3.4.1"
        },
        "djangorestframework": {
            "hashes": [
                "sha256:6dd02d5a4bd2516fb93f80360673bf540c3b6641fec8766b1da2870a5aa00b32",
                "sha256:8b1ac62c581dbc5799b03e535854b92fc4053ecfe74bad3f9c05782063d4196b"
            ],
            "index": "pypi",
            "version": "==3.11.1"
        },
        "google": {
            "hashes": [
                "sha256:143530122ee5130509ad5e989f0512f7cb218b2d4eddbafbad40fd10e8d8ccbe",
                "sha256:889cf695f84e4ae2c55fbc0cfdaf4c1e729417fa52ab1db0485202ba173e4935"
            ],
            "index": "pypi",
            "version": "==3.0.0"
        },
        "google-api-core": {
            "extras": [
                "grpc"
            ],
            "hashes": [
                "sha256:aaedc40ae977dbc2710f0de0012b673c8c7644f81ca0c93e839d22895f2ff29d",
                "sha256:c4e3b3d914e09d181287abb7101b42f308204fa5e8f89efc4839f607303caa2f"
            ],
            "index": "pypi",
            "version": "==1.22.0"
        },
        "google-auth": {
            "hashes": [
                "sha256:2f34dd810090d0d4c9d5787c4ad7b4413d1fbfb941e13682c7a2298d3b6cdcc8",
                "sha256:ce1fb80b5c6d3dd038babcc43e221edeafefc72d983b3dc28b67b996f76f00b9"
            ],
            "version": "==1.20.1"
        },
        "google-cloud-vision": {
            "hashes": [
                "sha256:18e78b190c81d200ae4f6a46d4af57422d68b3b05b0540d5cd1806e3874142bf",
                "sha256:e61091a52f334a20e597b74e2fb42c9f27dda25323544cd157d6110fde26c9a6"
            ],
            "index": "pypi",
            "version": "==1.0.0"
        },
        "googleapis-common-protos": {
            "hashes": [
                "sha256:560716c807117394da12cecb0a54da5a451b5cf9866f1d37e9a5e2329a665351",
                "sha256:c8961760f5aad9a711d37b675be103e0cc4e9a39327e0d6d857872f698403e24"
            ],
            "version": "==1.52.0"
        },
        "googletrans": {
            "hashes": [
                "sha256:44caeea42d91ff6ead5c2d49db2b88de66c45c2fe874c8ec03eb9b4ceb3a533d"
            ],
            "index": "pypi",
            "version": "==3.0.0"
        },
        "grpcio": {
            "hashes": [
                "sha256:013287f99c99b201aa8a5f6bc7918f616739b9be031db132d9e3b8453e95e151",
                "sha256:0397616355760cd8282ed5ea34d51830ae4cb6613b7e5f66bed3be5d041b8b9a",
                "sha256:074871a184483d5cd0746fd01e7d214d3ee9d36e67e32a5786b0a21f29fb8304",
                "sha256:08a9b648dbe8852ff94b73a1c96da126834c3057ba2301d13e8c4adff334c482",
                "sha256:0fa86ac4452602c79774783aa68979a1a7625ebb7eaabee2b6550b975b9d61e6",
                "sha256:220c46b1fc9c9a6fcca4caac398f08f0ed43cdd63c45b7458983c4a1575ef6df",
                "sha256:259240aab2603891553e17ad5b2655693df79e02a9b887ff605bdeb2fcd3dcc9",
                "sha256:292635f05b6ce33f87116951d0b3d8d330bdfc5cac74f739370d60981e8c256c",
                "sha256:344b50865914cc8e6d023457bffee9a640abb18f75d0f2bb519041961c748da9",
                "sha256:3c2aa6d7a5e5bf73fdb1715eee777efe06dd39df03383f1cc095b2fdb34883e6",
                "sha256:43d44548ad6ee738b941abd9f09e3b83a5c13f3e1410321023c3c148ba50e796",
                "sha256:5043440c45c0a031f387e7f48527541c65d672005fb24cf18ef6857483557d39",
                "sha256:58d7121f48cb94535a4cedcce32921d0d0a78563c7372a143dedeec196d1c637",
                "sha256:5d7faa89992e015d245750ca9ac916c161bbf72777b2c60abc61da3fae41339e",
                "sha256:5fb0923b16590bac338e92d98c7d8effb3cfad1d2e18c71bf86bde32c49cd6dd",
                "sha256:63ee8e02d04272c3d103f44b4bce5d43ea757dd288673cea212d2f7da27967d2",
                "sha256:64077e3a9a7cf2f59e6c76d503c8de1f18a76428f41a5b000dc53c48a0b772ff",
                "sha256:739a72abffbd36083ff7adbb862cf1afc1e311c35834bed9c0361d8e68b063e1",
                "sha256:75e383053dccb610590aa53eed5278db5c09bf498d3b5105ce6c776478f59352",
                "sha256:7a11b1ebb3210f34913b8be6995936bf9ebc541a65ab69e75db5ce1fe5047e8f",
                "sha256:8002a89ea91c0078c15d3c0daf423fd4968946be78f08545e807ea9a5ff8054a",
                "sha256:8b42f0ac76be07a5fa31117a3388d754ad35ef05e2e34be185ca9ccbcfac2069",
                "sha256:8ca26b489b5dc1e3d31807d329c23d6cb06fe40fbae25b0649b718947936e26a",
                "sha256:92e54ab65e782f227e751c7555918afaba8d1229601687e89b80c2b65d2f6642",
                "sha256:a9a7ae74cb3108e6457cf15532d4c300324b48fbcf3ef290bcd2835745f20510",
                "sha256:ba3e43cb984399064ffaa3c0997576e46a1e268f9da05f97cd9b272f0b59ee71",
                "sha256:baaa036540d7ace433bdf38a3fe5e41cf9f84cdf10a88bac805f678a7ca8ddcc",
                "sha256:bf00ab06ea4f89976288f4d6224d4aa120780e30c955d4f85c3214ada29b3ddf",
                "sha256:bf39977282a79dc1b2765cc3402c0ada571c29a491caec6ed12c0993c1ec115e",
                "sha256:c22b19abba63562a5a200e586b5bde39d26c8ec30c92e26d209d81182371693b",
                "sha256:c9016ab1eaf4e054099303287195f3746bd4e69f2631d040f9dca43e910a5408",
                "sha256:d2c5e05c257859febd03f5d81b5015e1946d6bcf475c7bf63ee99cea8ab0d590",
                "sha256:e64bddd09842ef508d72ca354319b0eb126205d951e8ac3128fe9869bd563552",
                "sha256:e8c3264b0fd728aadf3f0324471843f65bd3b38872bdab2a477e31ffb685dd5b",
                "sha256:ea849210e7362559f326cbe603d5b8d8bb1e556e86a7393b5a8847057de5b084",
                "sha256:ebb2ca09fa17537e35508a29dcb05575d4d9401138a68e83d1c605d65e8a1770",
                "sha256:ef9fce98b6fe03874c2a6576b02aec1a0df25742cd67d1d7b75a49e30aa74225",
                "sha256:f04c59d186af3157dc8811114130aaeae92e90a65283733f41de94eed484e1f7",
                "sha256:f5b0870b733bcb7b6bf05a02035e7aaf20f599d3802b390282d4c2309f825f1d"
            ],
            "version": "==1.31.0"
        },
        "h11": {
            "hashes": [
                "sha256:33d4bca7be0fa039f4e84d50ab00531047e53d6ee8ffbc83501ea602c169cae1",
                "sha256:4bc6d6a1238b7615b266ada57e0618568066f57dd6fa967d1290ec9309b2f2f1"
            ],
            "version": "==0.9.0"
        },
        "h2": {
            "hashes": [
                "sha256:61e0f6601fa709f35cdb730863b4e5ec7ad449792add80d1410d4174ed139af5",
                "sha256:875f41ebd6f2c44781259005b157faed1a5031df3ae5aa7bcb4628a6c0782f14"
            ],
            "version": "==3.2.0"
        },
        "hpack": {
            "hashes": [
                "sha256:0edd79eda27a53ba5be2dfabf3b15780928a0dff6eb0c60a3d6767720e970c89",
                "sha256:8eec9c1f4bfae3408a3f30500261f7e6a65912dc138526ea054f9ad98892e9d2"
            ],
            "version": "==3.0.0"
        },
        "hstspreload": {
            "hashes": [
                "sha256:4659d10695335c9d8a4e515104e1717f6b787e6576df31e48cf501e9a70b4cc0",
                "sha256:d1b447c6213be6b27ae97d6d6e562cf9ae4a761514de8f1a53b5660875680b9c"
            ],
            "version": "==2020.8.8"
        },
        "httpcore": {
            "hashes": [
                "sha256:9850fe97a166a794d7e920590d5ec49a05488884c9fc8b5dba8561effab0c2a0",
                "sha256:ecc5949310d9dae4de64648a4ce529f86df1f232ce23dcfefe737c24d21dfbe9"
            ],
            "version": "==0.9.1"
        },
        "httpx": {
            "hashes": [
                "sha256:32d930858eab677bc29a742aaa4f096de259f1c78c68a90ad11f5c3c04f08335",
                "sha256:3642bd13e90b80ba8a243a730275eb10a4c26ec96f5fc16b87e458d4ab21efae"
            ],
            "version": "==0.13.3"
        },
        "hyperframe": {
            "hashes": [
                "sha256:5187962cb16dcc078f23cb5a4b110098d546c3f41ff2d4038a9896893bbd0b40",
                "sha256:a9f5c17f2cc3c719b917c4f33ed1c61bd1f8dfac4b1bd23b7c80b3400971b41f"
            ],
            "version": "==5.2.0"
        },
        "idna": {
            "hashes": [
                "sha256:b307872f855b18632ce0c21c5e45be78c0ea7ae4c15c828c20788b26921eb3f6",
                "sha256:b97d804b1e9b523befed77c48dacec60e6dcb0b5391d57af6a65a312a90648c0"
            ],
            "version": "==2.10"
        },
        "mongoengine": {
            "hashes": [
                "sha256:6e127f45f71c2bc5e72461ec297a0c20f04c3ee0bf6dd869e336226e325db6ef",
                "sha256:db9e5d587e5d74e52851e0e4a53fd744725bfa9918ae6070139f5ba9c62c6edf"
            ],
            "index": "pypi",
            "version": "==0.20.0"
        },
        "numpy": {
            "hashes": [
                "sha256:082f8d4dd69b6b688f64f509b91d482362124986d98dc7dc5f5e9f9b9c3bb983",
                "sha256:1bc0145999e8cb8aed9d4e65dd8b139adf1919e521177f198529687dbf613065",
                "sha256:309cbcfaa103fc9a33ec16d2d62569d541b79f828c382556ff072442226d1968",
                "sha256:3673c8b2b29077f1b7b3a848794f8e11f401ba0b71c49fbd26fb40b71788b132",
                "sha256:480fdd4dbda4dd6b638d3863da3be82873bba6d32d1fc12ea1b8486ac7b8d129",
                "sha256:56ef7f56470c24bb67fb43dae442e946a6ce172f97c69f8d067ff8550cf782ff",
                "sha256:5a936fd51049541d86ccdeef2833cc89a18e4d3808fe58a8abeb802665c5af93",
                "sha256:5b6885c12784a27e957294b60f97e8b5b4174c7504665333c5e94fbf41ae5d6a",
                "sha256:667c07063940e934287993366ad5f56766bc009017b4a0fe91dbd07960d0aba7",
                "sha256:7ed448ff4eaffeb01094959b19cbaf998ecdee9ef9932381420d514e446601cd",
                "sha256:8343bf67c72e09cfabfab55ad4a43ce3f6bf6e6ced7acf70f45ded9ebb425055",
                "sha256:92feb989b47f83ebef246adabc7ff3b9a59ac30601c3f6819f8913458610bdcc",
                "sha256:935c27ae2760c21cd7354402546f6be21d3d0c806fffe967f745d5f2de5005a7",
                "sha256:aaf42a04b472d12515debc621c31cf16c215e332242e7a9f56403d814c744624",
                "sha256:b12e639378c741add21fbffd16ba5ad25c0a1a17cf2b6fe4288feeb65144f35b",
                "sha256:b1cca51512299841bf69add3b75361779962f9cee7d9ee3bb446d5982e925b69",
                "sha256:b8456987b637232602ceb4d663cb34106f7eb780e247d51a260b84760fd8f491",
                "sha256:b9792b0ac0130b277536ab8944e7b754c69560dac0415dd4b2dbd16b902c8954",
                "sha256:c9591886fc9cbe5532d5df85cb8e0cc3b44ba8ce4367bd4cf1b93dc19713da72",
                "sha256:cf1347450c0b7644ea142712619533553f02ef23f92f781312f6a3553d031fc7",
                "sha256:de8b4a9b56255797cbddb93281ed92acbc510fb7b15df3f01bd28f46ebc4edae",
                "sha256:e1b1dc0372f530f26a03578ac75d5e51b3868b9b76cd2facba4c9ee0eb252ab1",
                "sha256:e45f8e981a0ab47103181773cc0a54e650b2aef8c7b6cd07405d0fa8d869444a",
                "sha256:e4f6d3c53911a9d103d8ec9518190e52a8b945bab021745af4939cfc7c0d4a9e",
                "sha256:ed8a311493cf5480a2ebc597d1e177231984c818a86875126cfd004241a73c3e",
                "sha256:ef71a1d4fd4858596ae80ad1ec76404ad29701f8ca7cdcebc50300178db14dfc"
            ],
            "version": "==1.19.1"
        },
<<<<<<< HEAD
=======
        "owlready2": {
            "hashes": [
                "sha256:e39077f71376b748534acb7312a67144d8f668ff61daa6f17a02460cbfcee502"
            ],
            "index": "pypi",
            "version": "==0.24"
        },
>>>>>>> 0242ffb1fe20fc3f73566efdaf369f7cb278d706
        "pandas": {
            "hashes": [
                "sha256:0210f8fe19c2667a3817adb6de2c4fd92b1b78e1975ca60c0efa908e0985cbdb",
                "sha256:0227e3a6e3a22c0e283a5041f1e3064d78fbde811217668bb966ed05386d8a7e",
                "sha256:0bc440493cf9dc5b36d5d46bbd5508f6547ba68b02a28234cd8e81fdce42744d",
                "sha256:16504f915f1ae424052f1e9b7cd2d01786f098fbb00fa4e0f69d42b22952d798",
                "sha256:182a5aeae319df391c3df4740bb17d5300dcd78034b17732c12e62e6dd79e4a4",
                "sha256:35db623487f00d9392d8af44a24516d6cb9f274afaf73cfcfe180b9c54e007d2",
                "sha256:40ec0a7f611a3d00d3c666c4cceb9aa3f5bf9fbd81392948a93663064f527203",
                "sha256:47a03bfef80d6812c91ed6fae43f04f2fa80a4e1b82b35aa4d9002e39529e0b8",
                "sha256:4b21d46728f8a6be537716035b445e7ef3a75dbd30bd31aa1b251323219d853e",
                "sha256:4d1a806252001c5db7caecbe1a26e49a6c23421d85a700960f6ba093112f54a1",
                "sha256:60e20a4ab4d4fec253557d0fc9a4e4095c37b664f78c72af24860c8adcd07088",
                "sha256:9f61cca5262840ff46ef857d4f5f65679b82188709d0e5e086a9123791f721c8",
                "sha256:a15835c8409d5edc50b4af93be3377b5dd3eb53517e7f785060df1f06f6da0e2",
                "sha256:b39508562ad0bb3f384b0db24da7d68a2608b9ddc85b1d931ccaaa92d5e45273",
                "sha256:ed60848caadeacecefd0b1de81b91beff23960032cded0ac1449242b506a3b3f",
                "sha256:fc714895b6de6803ac9f661abb316853d0cd657f5d23985222255ad76ccedc25"
            ],
            "index": "pypi",
            "version": "==1.1.0"
        },
        "protobuf": {
            "hashes": [
                "sha256:0b00429b87821f1e6f3d641327864e6f271763ae61799f7540bc58a352825fe2",
                "sha256:2636c689a6a2441da9a2ef922a21f9b8bfd5dfe676abd77d788db4b36ea86bee",
                "sha256:2becd0e238ae34caf96fa7365b87f65b88aebcf7864dfe5ab461c5005f4256d9",
                "sha256:2db6940c1914fa3fbfabc0e7c8193d9e18b01dbb4650acac249b113be3ba8d9e",
                "sha256:32f0bcdf85e0040f36b4f548c71177027f2a618cab00ba235197fa9e230b7289",
                "sha256:3d59825cba9447e8f4fcacc1f3c892cafd28b964e152629b3f420a2fb5918b5a",
                "sha256:4794a7748ee645d2ae305f3f4f0abd459e789c973b5bc338008960f83e0c554b",
                "sha256:50b7bb2124f6a1fb0ddc6a44428ae3a21e619ad2cdf08130ac6c00534998ef07",
                "sha256:6009f3ebe761fad319b52199a49f1efa7a3729302947a78a3f5ea8e7e89e3ac2",
                "sha256:a7b6cf201e67132ca99b8a6c4812fab541fdce1ceb54bb6f66bc336ab7259138",
                "sha256:b6842284bb15f1b19c50c5fd496f1e2a4cfefdbdfa5d25c02620cb82793295a7",
                "sha256:c0c8d7c8f07eacd9e98a907941b56e57883cf83de069cfaeaa7e02c582f72ddb",
                "sha256:c99e5aea75b6f2b29c8d8da5bdc5f5ed8d9a5b4f15115c8316a3f0a850f94656",
                "sha256:e2bd5c98952db3f1bb1af2e81b6a208909d3b8a2d32f7525c5cc10a6338b6593",
                "sha256:e77ca4e1403b363a88bde9e31c11d093565e925e1685f40b29385a52f2320794",
                "sha256:ef991cbe34d7bb935ba6349406a210d3558b9379c21621c6ed7b99112af7350e",
                "sha256:f10ba89f9cd508dc00e469918552925ef7cba38d101ca47af1e78f2f9982c6b3",
                "sha256:f1796e0eb911bf5b08e76b753953effbeb6bc42c95c16597177f627eaa52c375"
            ],
            "index": "pypi",
            "version": "==3.12.4"
        },
        "pyasn1": {
            "hashes": [
                "sha256:39c7e2ec30515947ff4e87fb6f456dfc6e84857d34be479c9d4a4ba4bf46aa5d",
                "sha256:aef77c9fb94a3ac588e87841208bdec464471d9871bd5050a287cc9a475cd0ba"
            ],
            "version": "==0.4.8"
        },
        "pyasn1-modules": {
            "hashes": [
                "sha256:905f84c712230b2c592c19470d3ca8d552de726050d1d1716282a1f6146be65e",
                "sha256:a50b808ffeb97cb3601dd25981f6b016cbb3d31fbf57a8b8a87428e6158d0c74"
            ],
            "version": "==0.2.8"
        },
        "pycodestyle": {
            "hashes": [
                "sha256:2295e7b2f6b5bd100585ebcb1f616591b652db8a741695b3d8f5d28bdc934367",
                "sha256:c58a7d2815e0e8d7972bf1803331fb0152f867bd89adf8a01dfd55085434192e"
            ],
            "version": "==2.6.0"
        },
        "pycparser": {
            "hashes": [
                "sha256:2d475327684562c3a96cc71adf7dc8c4f0565175cf86b6d7a404ff4c771f15f0",
                "sha256:7582ad22678f0fcd81102833f60ef8d0e57288b6b5fb00323d101be910e35705"
            ],
            "version": "==2.20"
        },
        "pymongo": {
            "hashes": [
                "sha256:03dc64a9aa7a5d405aea5c56db95835f6a2fa31b3502c5af1760e0e99210be30",
                "sha256:05fcc6f9c60e6efe5219fbb5a30258adb3d3e5cbd317068f3d73c09727f2abb6",
                "sha256:076a7f2f7c251635cf6116ac8e45eefac77758ee5a77ab7bd2f63999e957613b",
                "sha256:137e6fa718c7eff270dbd2fc4b90d94b1a69c9e9eb3f3de9e850a7fd33c822dc",
                "sha256:1f865b1d1c191d785106f54df9abdc7d2f45a946b45fd1ea0a641b4f982a2a77",
                "sha256:213c445fe7e654621c6309e874627c35354b46ef3ee807f5a1927dc4b30e1a67",
                "sha256:25e617daf47d8dfd4e152c880cd0741cbdb48e51f54b8de9ddbfe74ecd87dd16",
                "sha256:3d9bb1ba935a90ec4809a8031efd988bdb13cdba05d9e9a3e9bf151bf759ecde",
                "sha256:40696a9a53faa7d85aaa6fd7bef1cae08f7882640bad08c350fb59dee7ad069b",
                "sha256:421aa1b92c291c429668bd8d8d8ec2bd00f183483a756928e3afbf2b6f941f00",
                "sha256:4437300eb3a5e9cc1a73b07d22c77302f872f339caca97e9bf8cf45eca8fa0d2",
                "sha256:455f4deb00158d5ec8b1d3092df6abb681b225774ab8a59b3510293b4c8530e3",
                "sha256:475a34a0745c456ceffaec4ce86b7e0983478f1b6140890dff7b161e7bcd895b",
                "sha256:4797c0080f41eba90404335e5ded3aa66731d303293a675ff097ce4ea3025bb9",
                "sha256:4ae23fbbe9eadf61279a26eba866bbf161a6f7e2ffad14a42cf20e9cb8e94166",
                "sha256:4b32744901ee9990aa8cd488ec85634f443526def1e5190a407dc107148249d7",
                "sha256:50127b13b38e8e586d5e97d342689405edbd74ad0bd891d97ee126a8c7b6e45f",
                "sha256:50531caa7b4be1c4ed5e2d5793a4e51cc9bd62a919a6fd3299ef7c902e206eab",
                "sha256:68220b81850de8e966d4667d5c325a96c6ac0d6adb3d18935d6e3d325d441f48",
                "sha256:689142dc0c150e9cb7c012d84cac2c346d40beb891323afb6caf18ec4caafae0",
                "sha256:6a15e2bee5c4188369a87ed6f02de804651152634a46cca91966a11c8abd2550",
                "sha256:7122ffe597b531fb065d3314e704a6fe152b81820ca5f38543e70ffcc95ecfd4",
                "sha256:7307024b18266b302f4265da84bb1effb5d18999ef35b30d17592959568d5c0a",
                "sha256:7a4a6f5b818988a3917ec4baa91d1143242bdfece8d38305020463955961266a",
                "sha256:83c5a3ecd96a9f3f11cfe6dfcbcec7323265340eb24cc996acaecea129865a3a",
                "sha256:890b0f1e18dbd898aeb0ab9eae1ab159c6bcbe87f0abb065b0044581d8614062",
                "sha256:8deda1f7b4c03242f2a8037706d9584e703f3d8c74d6d9cac5833db36fe16c42",
                "sha256:8ea13d0348b4c96b437d944d7068d59ed4a6c98aaa6c40d8537a2981313f1c66",
                "sha256:91e96bf85b7c07c827d339a386e8a3cf2e90ef098c42595227f729922d0851df",
                "sha256:96782ebb3c9e91e174c333208b272ea144ed2a684413afb1038e3b3342230d72",
                "sha256:9755c726aa6788f076114dfdc03b92b03ff8860316cca00902cce88bcdb5fedd",
                "sha256:9dbab90c348c512e03f146e93a5e2610acec76df391043ecd46b6b775d5397e6",
                "sha256:9ee0eef254e340cc11c379f797af3977992a7f2c176f1a658740c94bf677e13c",
                "sha256:9fc17fdac8f1973850d42e51e8ba6149d93b1993ed6768a24f352f926dd3d587",
                "sha256:a2787319dc69854acdfd6452e6a8ba8f929aeb20843c7f090e04159fc18e6245",
                "sha256:b7c522292407fa04d8195032493aac937e253ad9ae524aab43b9d9d242571f03",
                "sha256:bd312794f51e37dcf77f013d40650fe4fbb211dd55ef2863839c37480bd44369",
                "sha256:c0d660a186e36c526366edf8a64391874fe53cf8b7039224137aee0163c046df",
                "sha256:c4869141e20769b65d2d72686e7a7eb141ce9f3168106bed3e7dcced54eb2422",
                "sha256:cc4057f692ac35bbe82a0a908d42ce3a281c9e913290fac37d7fa3bd01307dfb",
                "sha256:cccf1e7806f12300e3a3b48f219e111000c2538483e85c869c35c1ae591e6ce9",
                "sha256:ce208f80f398522e49d9db789065c8ad2cd37b21bd6b23d30053474b7416af11",
                "sha256:d0565481dc196986c484a7fb13214fc6402201f7fb55c65fd215b3324962fe6c",
                "sha256:d1b3366329c45a474b3bbc9b9c95d4c686e03f35da7fd12bc144626d1f2a7c04",
                "sha256:d226e0d4b9192d95079a9a29c04dd81816b1ce8903b8c174a39224fe978547cb",
                "sha256:d38b35f6eef4237b1d0d8e845fc1546dad85c55eba447e28c211da8c7ef9697c",
                "sha256:d64c98277ea80e4484f1332ab107e8dfd173a7dcf1bdbf10a9cccc97aaab145f",
                "sha256:d9de8427a5601799784eb0e7fa1b031aa64086ce04de29df775a8ca37eedac41",
                "sha256:e6a15cf8f887d9f578dd49c6fb3a99d53e1d922fdd67a245a67488d77bf56eb2",
                "sha256:e8c446882cbb3774cd78c738c9f58220606b702b7c1655f1423357dc51674054",
                "sha256:e8d188ee39bd0ffe76603da887706e4e7b471f613625899ddf1e27867dc6a0d3",
                "sha256:ef76535776c0708a85258f6dc51d36a2df12633c735f6d197ed7dfcaa7449b99",
                "sha256:f6efca006a81e1197b925a7d7b16b8f61980697bb6746587aad8842865233218"
            ],
            "version": "==3.11.0"
        },
        "python-dateutil": {
            "hashes": [
                "sha256:73ebfe9dbf22e832286dafa60473e4cd239f8592f699aa5adaf10050e6e1823c",
                "sha256:75bb3f31ea686f1197762692a9ee6a7550b59fc6ca3a1f4b5d7e32fb98e2da2a"
            ],
            "version": "==2.8.1"
        },
        "pytz": {
            "hashes": [
                "sha256:a494d53b6d39c3c6e44c3bec237336e14305e4f29bbf800b599253057fbb79ed",
                "sha256:c35965d010ce31b23eeb663ed3cc8c906275d6be1a34393a1d73a41febf4a048"
            ],
            "version": "==2020.1"
        },
        "requests": {
            "hashes": [
                "sha256:b3559a131db72c33ee969480840fff4bb6dd111de7dd27c8ee1f820f4f00231b",
                "sha256:fe75cc94a9443b9246fc7049224f75604b113c36acb93f87b80ed42c44cbb898"
            ],
            "version": "==2.24.0"
        },
        "rfc3986": {
            "hashes": [
                "sha256:112398da31a3344dc25dbf477d8df6cb34f9278a94fee2625d89e4514be8bb9d",
                "sha256:af9147e9aceda37c91a05f4deb128d4b4b49d6b199775fd2d2927768abdc8f50"
            ],
            "version": "==1.4.0"
        },
        "rsa": {
            "hashes": [
                "sha256:109ea5a66744dd859bf16fe904b8d8b627adafb9408753161e766a92e7d681fa",
                "sha256:6166864e23d6b5195a5cfed6cd9fed0fe774e226d8f854fcb23b7bbef0350233"
            ],
            "markers": "python_version >= '3.5'",
            "version": "==4.6"
        },
        "six": {
            "hashes": [
                "sha256:30639c035cdb23534cd4aa2dd52c3bf48f06e5f4a941509c8bafd8ce11080259",
                "sha256:8b74bedcbbbaca38ff6d7491d76f2b06b3592611af620f8426e82dddb04a5ced"
            ],
            "version": "==1.15.0"
        },
        "sniffio": {
            "hashes": [
                "sha256:20ed6d5b46f8ae136d00b9dcb807615d83ed82ceea6b2058cecb696765246da5",
                "sha256:8e3810100f69fe0edd463d02ad407112542a11ffdc29f67db2bf3771afb87a21"
            ],
            "version": "==1.1.0"
        },
        "soupsieve": {
            "hashes": [
                "sha256:1634eea42ab371d3d346309b93df7870a88610f0725d47528be902a0d95ecc55",
                "sha256:a59dc181727e95d25f781f0eb4fd1825ff45590ec8ff49eadfd7f1a537cc0232"
            ],
            "version": "==2.0.1"
        },
        "sqlparse": {
            "hashes": [
                "sha256:022fb9c87b524d1f7862b3037e541f68597a730a8843245c349fc93e1643dc4e",
                "sha256:e162203737712307dfe78860cc56c8da8a852ab2ee33750e33aeadf38d12c548"
            ],
            "version": "==0.3.1"
        },
        "toml": {
            "hashes": [
                "sha256:926b612be1e5ce0634a2ca03470f95169cf16f939018233a670519cb4ac58b0f",
                "sha256:bda89d5935c2eac546d648028b9901107a595863cb36bae0c73ac804a9b4ce88"
            ],
            "version": "==0.10.1"
        },
        "urllib3": {
            "hashes": [
                "sha256:91056c15fa70756691db97756772bb1eb9678fa585d9184f24534b100dc60f4a",
                "sha256:e7983572181f5e1522d9c98453462384ee92a0be7fac5f1413a1e35c56cc0461"
            ],
            "version": "==1.25.10"
        }
    },
    "develop": {
        "astroid": {
            "hashes": [
                "sha256:87de48a92e29cedf7210ffa853d11441e7ad94cb47bacd91b023499b51cbc756",
                "sha256:d25869fc7f44f1d9fb7d24fd7ea0639656f5355fc3089cd1f3d18c6ec6b124c7"
            ],
            "version": "==1.6.6"
        },
        "colorama": {
            "hashes": [
                "sha256:7d73d2a99753107a36ac6b455ee49046802e59d9d076ef8e47b61499fa29afff",
                "sha256:e96da0d330793e2cb9485e9ddfd918d456036c7149416295932478192f4436a1"
            ],
            "markers": "sys_platform == 'win32'",
            "version": "==0.4.3"
        },
        "isort": {
            "hashes": [
                "sha256:5196bd2f5b23dc91215734b1c96c6d28390061d69860a948094c12635d6d64e6",
                "sha256:ba83762132a8661d3525f87a86549712fb7d8da79eeb452e01f327ada9e87920"
            ],
            "version": "==5.3.2"
        },
        "lazy-object-proxy": {
            "hashes": [
                "sha256:00b78a97a79d0dfefa584d44dd1aba9668d3de7ec82335ba0ff51d53ef107143",
                "sha256:042b54fd71c2092e6d10e5e66fa60f65c5954f8145e809f5d9f394c9b13d32ee",
                "sha256:11f87dc06eb5f376cc6d5f0c19a1b4dca202035622777c4ce8e5b72c87b035d6",
                "sha256:19ae6f6511a02008ef3554e158c41bb2a8e5c8455935b98d6da076d9f152fd7c",
                "sha256:22c1935c6f8e3d6ea2e169eb03928adbdb8a2251d2890f8689368d65e70aa176",
                "sha256:30ef2068f4f94660144515380ef04b93d15add2214eab8be4cd46ebc900d681c",
                "sha256:33da47ba3a581860ddd3d38c950a5fe950ca389f7123edd0d6ab0bc473499fe7",
                "sha256:3e8698dc384857413580012f4ca322d89e63ef20fc3d4635a5b606d6d4b61f6a",
                "sha256:4fdd7113fc5143c72dacf415079eec42fcbe69cc9d3d291b4ca742e3a9455807",
                "sha256:63b6d9a5077d54db271fcc6772440f7380ec3fa559d0e2497dbfae2f47c2c814",
                "sha256:8133b63b05f12751cddd8e3e7f02ba39dc7cfa7d2ba99d80d7436f0ba26d6b75",
                "sha256:89b8e5780e49753e2b4cd5aab45d3df092ddcbba3de2c4d4492a029588fe1758",
                "sha256:8d82e27cbbea6edb8821751806f39f5dcfd7b46a5e23d27b98d6d8c8ec751df8",
                "sha256:92cedd6e26712505adb1c17fab64651a498cc0102a80ba562ff4a2451088f57a",
                "sha256:9723364577b79ad9958a68851fe2acb94da6fd25170c595516a8289e6a129043",
                "sha256:c484020ad26973a14a7cb1e1d2e0bfe97cf6803273ae9bd154e0213cc74bad49",
                "sha256:c697bd1b333b3e6abdff04ef9f5fb4b1936633d9cc4e28d90606705c9083254c",
                "sha256:d0f7e14ff3424639d33e6bc449e77e4b345e52c21bbd6f6004a1d219196e2664",
                "sha256:db2df3eff7ed3e6813638686f1bb5934d1a0662d9d3b4196b5164a86be3a1e8f",
                "sha256:edbcb4c5efabd93ede05b272296a5a78a67e9b6e82ba7f51a07b8103db06ce01",
                "sha256:ef355fb3802e0fc5a71dadb65a3c317bfc9bdf567d357f8e0b1900b432ffe486",
                "sha256:fe2f61fed5817bf8db01d9a72309ed5990c478a077e9585b58740c26774bce39"
            ],
            "version": "==1.5.1"
        },
        "mccabe": {
            "hashes": [
                "sha256:ab8a6258860da4b6677da4bd2fe5dc2c659cff31b3ee4f7f5d64e79735b80d42",
                "sha256:dd8d182285a0fe56bace7f45b5e7d1a6ebcbf524e8f3bd87eb0f125271b8831f"
            ],
            "version": "==0.6.1"
        },
        "pylint": {
            "hashes": [
                "sha256:02c2b6d268695a8b64ad61847f92e611e6afcff33fd26c3a2125370c4662905d",
                "sha256:ee1e85575587c5b58ddafa25e1c1b01691ef172e139fc25585e5d3f02451da93"
            ],
            "index": "pypi",
            "version": "==1.9.4"
        },
        "six": {
            "hashes": [
                "sha256:30639c035cdb23534cd4aa2dd52c3bf48f06e5f4a941509c8bafd8ce11080259",
                "sha256:8b74bedcbbbaca38ff6d7491d76f2b06b3592611af620f8426e82dddb04a5ced"
            ],
            "version": "==1.15.0"
        },
        "wrapt": {
            "hashes": [
                "sha256:b62ffa81fb85f4332a4f609cab4ac40709470da05643a082ec1eb88e6d9b97d7"
            ],
            "version": "==1.12.1"
        }
    }
}
